
Microsoft Visual Studio Solution File, Format Version 12.00
# Visual Studio Version 17
VisualStudioVersion = 17.0.32112.339
MinimumVisualStudioVersion = 10.0.40219.1
Project("{9A19103F-16F7-4668-BE54-9A1E7A4F7556}") = "Questão07", "Questão07\Questão07.csproj", "{C6AEC99B-E7EC-469F-966A-0399712C8B65}"
EndProject
Project("{9A19103F-16F7-4668-BE54-9A1E7A4F7556}") = "Questão09", "Questão09\Questão09.csproj", "{5C155E7B-C675-48BD-8ED2-4D5C0867FE7B}"
EndProject
Project("{9A19103F-16F7-4668-BE54-9A1E7A4F7556}") = "Questão10", "Questão10\Questão10.csproj", "{7EDAD7C9-F060-4A54-94F9-19C375788392}"
EndProject
Project("{FAE04EC0-301F-11D3-BF4B-00C04F79EFBC}") = "Questão01", "Questão01\Questão01.csproj", "{4D77DF83-BDDC-4FD4-8D25-DF67CE859ACA}"
EndProject
Project("{FAE04EC0-301F-11D3-BF4B-00C04F79EFBC}") = "Questão02e06", "Questão02e06\Questão02e06.csproj", "{FDB273FC-94FA-4B9F-AFA5-692147997A9F}"
EndProject
Project("{FAE04EC0-301F-11D3-BF4B-00C04F79EFBC}") = "Questão03e08", "Questão03e08\Questão03e08.csproj", "{01C78215-083A-4279-AF4A-8480EBA4E15E}"
EndProject
Project("{FAE04EC0-301F-11D3-BF4B-00C04F79EFBC}") = "Questão04", "Questão04\Questão04.csproj", "{718BDD8A-BDAC-49B1-8B6C-B25A79DFF8DD}"
EndProject
Project("{FAE04EC0-301F-11D3-BF4B-00C04F79EFBC}") = "Questão05", "Questão05\Questão05.csproj", "{74250C52-3026-4A1E-8274-D2C7A5E81ACE}"
EndProject
Global
	GlobalSection(SolutionConfigurationPlatforms) = preSolution
		Debug|Any CPU = Debug|Any CPU
		Release|Any CPU = Release|Any CPU
	EndGlobalSection
	GlobalSection(ProjectConfigurationPlatforms) = postSolution
		{C6AEC99B-E7EC-469F-966A-0399712C8B65}.Debug|Any CPU.ActiveCfg = Debug|Any CPU
		{C6AEC99B-E7EC-469F-966A-0399712C8B65}.Debug|Any CPU.Build.0 = Debug|Any CPU
		{C6AEC99B-E7EC-469F-966A-0399712C8B65}.Release|Any CPU.ActiveCfg = Release|Any CPU
		{C6AEC99B-E7EC-469F-966A-0399712C8B65}.Release|Any CPU.Build.0 = Release|Any CPU
		{5C155E7B-C675-48BD-8ED2-4D5C0867FE7B}.Debug|Any CPU.ActiveCfg = Debug|Any CPU
		{5C155E7B-C675-48BD-8ED2-4D5C0867FE7B}.Debug|Any CPU.Build.0 = Debug|Any CPU
		{5C155E7B-C675-48BD-8ED2-4D5C0867FE7B}.Release|Any CPU.ActiveCfg = Release|Any CPU
		{5C155E7B-C675-48BD-8ED2-4D5C0867FE7B}.Release|Any CPU.Build.0 = Release|Any CPU
		{7EDAD7C9-F060-4A54-94F9-19C375788392}.Debug|Any CPU.ActiveCfg = Debug|Any CPU
		{7EDAD7C9-F060-4A54-94F9-19C375788392}.Debug|Any CPU.Build.0 = Debug|Any CPU
		{7EDAD7C9-F060-4A54-94F9-19C375788392}.Release|Any CPU.ActiveCfg = Release|Any CPU
		{7EDAD7C9-F060-4A54-94F9-19C375788392}.Release|Any CPU.Build.0 = Release|Any CPU
		{4D77DF83-BDDC-4FD4-8D25-DF67CE859ACA}.Debug|Any CPU.ActiveCfg = Debug|Any CPU
		{4D77DF83-BDDC-4FD4-8D25-DF67CE859ACA}.Debug|Any CPU.Build.0 = Debug|Any CPU
		{4D77DF83-BDDC-4FD4-8D25-DF67CE859ACA}.Release|Any CPU.ActiveCfg = Release|Any CPU
		{4D77DF83-BDDC-4FD4-8D25-DF67CE859ACA}.Release|Any CPU.Build.0 = Release|Any CPU
		{FDB273FC-94FA-4B9F-AFA5-692147997A9F}.Debug|Any CPU.ActiveCfg = Debug|Any CPU
		{FDB273FC-94FA-4B9F-AFA5-692147997A9F}.Debug|Any CPU.Build.0 = Debug|Any CPU
		{FDB273FC-94FA-4B9F-AFA5-692147997A9F}.Release|Any CPU.ActiveCfg = Release|Any CPU
		{FDB273FC-94FA-4B9F-AFA5-692147997A9F}.Release|Any CPU.Build.0 = Release|Any CPU
		{01C78215-083A-4279-AF4A-8480EBA4E15E}.Debug|Any CPU.ActiveCfg = Debug|Any CPU
		{01C78215-083A-4279-AF4A-8480EBA4E15E}.Debug|Any CPU.Build.0 = Debug|Any CPU
		{01C78215-083A-4279-AF4A-8480EBA4E15E}.Release|Any CPU.ActiveCfg = Release|Any CPU
		{01C78215-083A-4279-AF4A-8480EBA4E15E}.Release|Any CPU.Build.0 = Release|Any CPU
		{718BDD8A-BDAC-49B1-8B6C-B25A79DFF8DD}.Debug|Any CPU.ActiveCfg = Debug|Any CPU
		{718BDD8A-BDAC-49B1-8B6C-B25A79DFF8DD}.Debug|Any CPU.Build.0 = Debug|Any CPU
		{718BDD8A-BDAC-49B1-8B6C-B25A79DFF8DD}.Release|Any CPU.ActiveCfg = Release|Any CPU
		{718BDD8A-BDAC-49B1-8B6C-B25A79DFF8DD}.Release|Any CPU.Build.0 = Release|Any CPU
		{74250C52-3026-4A1E-8274-D2C7A5E81ACE}.Debug|Any CPU.ActiveCfg = Debug|Any CPU
		{74250C52-3026-4A1E-8274-D2C7A5E81ACE}.Debug|Any CPU.Build.0 = Debug|Any CPU
		{74250C52-3026-4A1E-8274-D2C7A5E81ACE}.Release|Any CPU.ActiveCfg = Release|Any CPU
		{74250C52-3026-4A1E-8274-D2C7A5E81ACE}.Release|Any CPU.Build.0 = Release|Any CPU
	EndGlobalSection
	GlobalSection(SolutionProperties) = preSolution
		HideSolutionNode = FALSE
	EndGlobalSection
	GlobalSection(ExtensibilityGlobals) = postSolution
		SolutionGuid = {3A1AF474-9DB8-443F-9C43-D02F86729EA4}
	EndGlobalSection
EndGlobal
